
Microsoft Visual Studio Solution File, Format Version 12.00
# Visual Studio 15
VisualStudioVersion = 15.0.28010.2046
MinimumVisualStudioVersion = 10.0.40219.1
Project("{FAE04EC0-301F-11D3-BF4B-00C04F79EFBC}") = "SimpleFTP_Client", "SimpleFTP_Client\SimpleFTP_Client.csproj", "{2454BF6F-F6CD-4A6B-BEB1-B2DEBE56EBB7}"
EndProject
Project("{FAE04EC0-301F-11D3-BF4B-00C04F79EFBC}") = "SimpleFTP_Client.Tests", "SimpleFTP_Client.Tests\SimpleFTP_Client.Tests.csproj", "{2F3AB466-BE35-4F3F-8D1B-A8B1CC6C504B}"
EndProject
Global
	GlobalSection(SolutionConfigurationPlatforms) = preSolution
		Debug|Any CPU = Debug|Any CPU
		Release|Any CPU = Release|Any CPU
	EndGlobalSection
	GlobalSection(ProjectConfigurationPlatforms) = postSolution
		{2454BF6F-F6CD-4A6B-BEB1-B2DEBE56EBB7}.Debug|Any CPU.ActiveCfg = Debug|Any CPU
		{2454BF6F-F6CD-4A6B-BEB1-B2DEBE56EBB7}.Debug|Any CPU.Build.0 = Debug|Any CPU
		{2454BF6F-F6CD-4A6B-BEB1-B2DEBE56EBB7}.Release|Any CPU.ActiveCfg = Release|Any CPU
		{2454BF6F-F6CD-4A6B-BEB1-B2DEBE56EBB7}.Release|Any CPU.Build.0 = Release|Any CPU
		{2F3AB466-BE35-4F3F-8D1B-A8B1CC6C504B}.Debug|Any CPU.ActiveCfg = Debug|Any CPU
		{2F3AB466-BE35-4F3F-8D1B-A8B1CC6C504B}.Debug|Any CPU.Build.0 = Debug|Any CPU
		{2F3AB466-BE35-4F3F-8D1B-A8B1CC6C504B}.Release|Any CPU.ActiveCfg = Release|Any CPU
		{2F3AB466-BE35-4F3F-8D1B-A8B1CC6C504B}.Release|Any CPU.Build.0 = Release|Any CPU
	EndGlobalSection
	GlobalSection(SolutionProperties) = preSolution
		HideSolutionNode = FALSE
	EndGlobalSection
	GlobalSection(ExtensibilityGlobals) = postSolution
		SolutionGuid = {03529DF0-FF72-4832-BA1D-CB94CF1FD5E8}
	EndGlobalSection
EndGlobal
