
Microsoft Visual Studio Solution File, Format Version 12.00
# Visual Studio 15
VisualStudioVersion = 15.0.26228.4
MinimumVisualStudioVersion = 10.0.40219.1
Project("{FAE04EC0-301F-11D3-BF4B-00C04F79EFBC}") = "3.1(HashTable)", "3.1(HashTable)\3.1(HashTable).csproj", "{8BAE8E80-CF74-49D3-87EB-B4284077250C}"
EndProject
Project("{FAE04EC0-301F-11D3-BF4B-00C04F79EFBC}") = "3.1(HashTable).Tests", "3.1(HashTable).Tests\3.1(HashTable).Tests.csproj", "{66A5A326-BFF3-4B9E-A784-E10143E8AA1D}"
EndProject
Global
	GlobalSection(SolutionConfigurationPlatforms) = preSolution
		Debug|Any CPU = Debug|Any CPU
		Release|Any CPU = Release|Any CPU
	EndGlobalSection
	GlobalSection(ProjectConfigurationPlatforms) = postSolution
		{8BAE8E80-CF74-49D3-87EB-B4284077250C}.Debug|Any CPU.ActiveCfg = Debug|Any CPU
		{8BAE8E80-CF74-49D3-87EB-B4284077250C}.Debug|Any CPU.Build.0 = Debug|Any CPU
		{8BAE8E80-CF74-49D3-87EB-B4284077250C}.Release|Any CPU.ActiveCfg = Release|Any CPU
		{8BAE8E80-CF74-49D3-87EB-B4284077250C}.Release|Any CPU.Build.0 = Release|Any CPU
		{66A5A326-BFF3-4B9E-A784-E10143E8AA1D}.Debug|Any CPU.ActiveCfg = Debug|Any CPU
		{66A5A326-BFF3-4B9E-A784-E10143E8AA1D}.Debug|Any CPU.Build.0 = Debug|Any CPU
		{66A5A326-BFF3-4B9E-A784-E10143E8AA1D}.Release|Any CPU.ActiveCfg = Release|Any CPU
		{66A5A326-BFF3-4B9E-A784-E10143E8AA1D}.Release|Any CPU.Build.0 = Release|Any CPU
	EndGlobalSection
	GlobalSection(SolutionProperties) = preSolution
		HideSolutionNode = FALSE
	EndGlobalSection
EndGlobal
