
Microsoft Visual Studio Solution File, Format Version 12.00
# Visual Studio 15
VisualStudioVersion = 15.0.28010.2046
MinimumVisualStudioVersion = 10.0.40219.1
Project("{FAE04EC0-301F-11D3-BF4B-00C04F79EFBC}") = "MyThreadPool", "MyThreadPool\MyThreadPool.csproj", "{C5CCA738-8353-48D7-AB01-BDCA03C96BB6}"
EndProject
Project("{FAE04EC0-301F-11D3-BF4B-00C04F79EFBC}") = "MyThreadPool.Tests", "MyThreadPool.Tests\MyThreadPool.Tests.csproj", "{5970D50B-DBEB-4D67-98F4-3A801B3ED7E6}"
EndProject
Global
	GlobalSection(SolutionConfigurationPlatforms) = preSolution
		Debug|Any CPU = Debug|Any CPU
		Release|Any CPU = Release|Any CPU
	EndGlobalSection
	GlobalSection(ProjectConfigurationPlatforms) = postSolution
		{C5CCA738-8353-48D7-AB01-BDCA03C96BB6}.Debug|Any CPU.ActiveCfg = Debug|Any CPU
		{C5CCA738-8353-48D7-AB01-BDCA03C96BB6}.Debug|Any CPU.Build.0 = Debug|Any CPU
		{C5CCA738-8353-48D7-AB01-BDCA03C96BB6}.Release|Any CPU.ActiveCfg = Release|Any CPU
		{C5CCA738-8353-48D7-AB01-BDCA03C96BB6}.Release|Any CPU.Build.0 = Release|Any CPU
		{5970D50B-DBEB-4D67-98F4-3A801B3ED7E6}.Debug|Any CPU.ActiveCfg = Debug|Any CPU
		{5970D50B-DBEB-4D67-98F4-3A801B3ED7E6}.Debug|Any CPU.Build.0 = Debug|Any CPU
		{5970D50B-DBEB-4D67-98F4-3A801B3ED7E6}.Release|Any CPU.ActiveCfg = Release|Any CPU
		{5970D50B-DBEB-4D67-98F4-3A801B3ED7E6}.Release|Any CPU.Build.0 = Release|Any CPU
	EndGlobalSection
	GlobalSection(SolutionProperties) = preSolution
		HideSolutionNode = FALSE
	EndGlobalSection
	GlobalSection(ExtensibilityGlobals) = postSolution
		SolutionGuid = {18F9D5C4-4DE9-46B6-9931-E8847333B8BD}
	EndGlobalSection
EndGlobal
