
Microsoft Visual Studio Solution File, Format Version 12.00
# Visual Studio 15
VisualStudioVersion = 15.0.28010.2046
MinimumVisualStudioVersion = 10.0.40219.1
Project("{FAE04EC0-301F-11D3-BF4B-00C04F79EFBC}") = "MyNUnit", "MyNUnit\MyNUnit.csproj", "{EAAC5789-09E4-4D6F-A5F4-06D4AD14CBB7}"
EndProject
Project("{FAE04EC0-301F-11D3-BF4B-00C04F79EFBC}") = "MyNUnit.Tests", "MyNUnit.Tests\MyNUnit.Tests.csproj", "{0F200024-2EBC-4729-B89B-8CE989DE6931}"
EndProject
Project("{2150E333-8FDC-42A3-9474-1A3956D46DE8}") = "TestProjects", "TestProjects", "{06A0A282-35F4-42C8-8868-C1AAA07B6D6E}"
EndProject
Project("{FAE04EC0-301F-11D3-BF4B-00C04F79EFBC}") = "TestProject_1", "TestProjects\TestProject_1\TestProject_1.csproj", "{90796324-1D88-428C-88E7-97764994588F}"
EndProject
Project("{FAE04EC0-301F-11D3-BF4B-00C04F79EFBC}") = "TestProject_2", "TestProjects\TestProject_2\TestProject_2.csproj", "{EDBCFFC4-D043-4F57-909A-63316B22D669}"
EndProject
Project("{FAE04EC0-301F-11D3-BF4B-00C04F79EFBC}") = "TestProject_3", "TestProjects\TestProject_3\TestProject_3.csproj", "{465DB81E-2163-4C86-97E5-7ECA60AEFC06}"
EndProject
Project("{FAE04EC0-301F-11D3-BF4B-00C04F79EFBC}") = "TestProject_4", "TestProjects\TestProject_4\TestProject_4.csproj", "{C82BBF67-7704-46F3-B647-DCFB254E20A1}"
EndProject
Project("{FAE04EC0-301F-11D3-BF4B-00C04F79EFBC}") = "TestProject_5", "TestProjects\TestProject_5\TestProject_5.csproj", "{776C8533-5AC4-442E-82FA-C29A3F80C63E}"
EndProject
Project("{FAE04EC0-301F-11D3-BF4B-00C04F79EFBC}") = "TestProject_6", "TestProjects\TestProject_6\TestProject_6.csproj", "{BFC1B045-71E2-488B-AE3B-E9A909F45810}"
EndProject
Project("{FAE04EC0-301F-11D3-BF4B-00C04F79EFBC}") = "TestProject_7", "TestProjects\TestProject_7\TestProject_7.csproj", "{62E436F6-F3DB-4E00-B8ED-DBF60274191D}"
EndProject
Project("{FAE04EC0-301F-11D3-BF4B-00C04F79EFBC}") = "TestProject_8", "TestProjects\TestProject_8\TestProject_8.csproj", "{572AB448-4BED-40E2-B464-A11FC28A6C0D}"
EndProject
Global
	GlobalSection(SolutionConfigurationPlatforms) = preSolution
		Debug|Any CPU = Debug|Any CPU
		Release|Any CPU = Release|Any CPU
	EndGlobalSection
	GlobalSection(ProjectConfigurationPlatforms) = postSolution
		{EAAC5789-09E4-4D6F-A5F4-06D4AD14CBB7}.Debug|Any CPU.ActiveCfg = Debug|Any CPU
		{EAAC5789-09E4-4D6F-A5F4-06D4AD14CBB7}.Debug|Any CPU.Build.0 = Debug|Any CPU
		{EAAC5789-09E4-4D6F-A5F4-06D4AD14CBB7}.Release|Any CPU.ActiveCfg = Release|Any CPU
		{EAAC5789-09E4-4D6F-A5F4-06D4AD14CBB7}.Release|Any CPU.Build.0 = Release|Any CPU
		{0F200024-2EBC-4729-B89B-8CE989DE6931}.Debug|Any CPU.ActiveCfg = Debug|Any CPU
		{0F200024-2EBC-4729-B89B-8CE989DE6931}.Debug|Any CPU.Build.0 = Debug|Any CPU
		{0F200024-2EBC-4729-B89B-8CE989DE6931}.Release|Any CPU.ActiveCfg = Release|Any CPU
		{0F200024-2EBC-4729-B89B-8CE989DE6931}.Release|Any CPU.Build.0 = Release|Any CPU
		{90796324-1D88-428C-88E7-97764994588F}.Debug|Any CPU.ActiveCfg = Debug|Any CPU
		{90796324-1D88-428C-88E7-97764994588F}.Debug|Any CPU.Build.0 = Debug|Any CPU
		{90796324-1D88-428C-88E7-97764994588F}.Release|Any CPU.ActiveCfg = Release|Any CPU
		{90796324-1D88-428C-88E7-97764994588F}.Release|Any CPU.Build.0 = Release|Any CPU
		{EDBCFFC4-D043-4F57-909A-63316B22D669}.Debug|Any CPU.ActiveCfg = Debug|Any CPU
		{EDBCFFC4-D043-4F57-909A-63316B22D669}.Debug|Any CPU.Build.0 = Debug|Any CPU
		{EDBCFFC4-D043-4F57-909A-63316B22D669}.Release|Any CPU.ActiveCfg = Release|Any CPU
		{EDBCFFC4-D043-4F57-909A-63316B22D669}.Release|Any CPU.Build.0 = Release|Any CPU
		{465DB81E-2163-4C86-97E5-7ECA60AEFC06}.Debug|Any CPU.ActiveCfg = Debug|Any CPU
		{465DB81E-2163-4C86-97E5-7ECA60AEFC06}.Debug|Any CPU.Build.0 = Debug|Any CPU
		{465DB81E-2163-4C86-97E5-7ECA60AEFC06}.Release|Any CPU.ActiveCfg = Release|Any CPU
		{465DB81E-2163-4C86-97E5-7ECA60AEFC06}.Release|Any CPU.Build.0 = Release|Any CPU
		{C82BBF67-7704-46F3-B647-DCFB254E20A1}.Debug|Any CPU.ActiveCfg = Debug|Any CPU
		{C82BBF67-7704-46F3-B647-DCFB254E20A1}.Debug|Any CPU.Build.0 = Debug|Any CPU
		{C82BBF67-7704-46F3-B647-DCFB254E20A1}.Release|Any CPU.ActiveCfg = Release|Any CPU
		{C82BBF67-7704-46F3-B647-DCFB254E20A1}.Release|Any CPU.Build.0 = Release|Any CPU
		{776C8533-5AC4-442E-82FA-C29A3F80C63E}.Debug|Any CPU.ActiveCfg = Debug|Any CPU
		{776C8533-5AC4-442E-82FA-C29A3F80C63E}.Debug|Any CPU.Build.0 = Debug|Any CPU
		{776C8533-5AC4-442E-82FA-C29A3F80C63E}.Release|Any CPU.ActiveCfg = Release|Any CPU
		{776C8533-5AC4-442E-82FA-C29A3F80C63E}.Release|Any CPU.Build.0 = Release|Any CPU
		{BFC1B045-71E2-488B-AE3B-E9A909F45810}.Debug|Any CPU.ActiveCfg = Debug|Any CPU
		{BFC1B045-71E2-488B-AE3B-E9A909F45810}.Debug|Any CPU.Build.0 = Debug|Any CPU
		{BFC1B045-71E2-488B-AE3B-E9A909F45810}.Release|Any CPU.ActiveCfg = Release|Any CPU
		{BFC1B045-71E2-488B-AE3B-E9A909F45810}.Release|Any CPU.Build.0 = Release|Any CPU
		{62E436F6-F3DB-4E00-B8ED-DBF60274191D}.Debug|Any CPU.ActiveCfg = Debug|Any CPU
		{62E436F6-F3DB-4E00-B8ED-DBF60274191D}.Debug|Any CPU.Build.0 = Debug|Any CPU
		{62E436F6-F3DB-4E00-B8ED-DBF60274191D}.Release|Any CPU.ActiveCfg = Release|Any CPU
		{62E436F6-F3DB-4E00-B8ED-DBF60274191D}.Release|Any CPU.Build.0 = Release|Any CPU
		{572AB448-4BED-40E2-B464-A11FC28A6C0D}.Debug|Any CPU.ActiveCfg = Debug|Any CPU
		{572AB448-4BED-40E2-B464-A11FC28A6C0D}.Debug|Any CPU.Build.0 = Debug|Any CPU
		{572AB448-4BED-40E2-B464-A11FC28A6C0D}.Release|Any CPU.ActiveCfg = Release|Any CPU
		{572AB448-4BED-40E2-B464-A11FC28A6C0D}.Release|Any CPU.Build.0 = Release|Any CPU
	EndGlobalSection
	GlobalSection(SolutionProperties) = preSolution
		HideSolutionNode = FALSE
	EndGlobalSection
	GlobalSection(NestedProjects) = preSolution
		{90796324-1D88-428C-88E7-97764994588F} = {06A0A282-35F4-42C8-8868-C1AAA07B6D6E}
		{EDBCFFC4-D043-4F57-909A-63316B22D669} = {06A0A282-35F4-42C8-8868-C1AAA07B6D6E}
		{465DB81E-2163-4C86-97E5-7ECA60AEFC06} = {06A0A282-35F4-42C8-8868-C1AAA07B6D6E}
		{C82BBF67-7704-46F3-B647-DCFB254E20A1} = {06A0A282-35F4-42C8-8868-C1AAA07B6D6E}
		{776C8533-5AC4-442E-82FA-C29A3F80C63E} = {06A0A282-35F4-42C8-8868-C1AAA07B6D6E}
		{BFC1B045-71E2-488B-AE3B-E9A909F45810} = {06A0A282-35F4-42C8-8868-C1AAA07B6D6E}
		{62E436F6-F3DB-4E00-B8ED-DBF60274191D} = {06A0A282-35F4-42C8-8868-C1AAA07B6D6E}
		{572AB448-4BED-40E2-B464-A11FC28A6C0D} = {06A0A282-35F4-42C8-8868-C1AAA07B6D6E}
	EndGlobalSection
	GlobalSection(ExtensibilityGlobals) = postSolution
		SolutionGuid = {00C7B5FA-9112-4AD6-AAC3-3EC03C230F43}
	EndGlobalSection
EndGlobal
