
Microsoft Visual Studio Solution File, Format Version 12.00
# Visual Studio 15
VisualStudioVersion = 15.0.28010.2046
MinimumVisualStudioVersion = 10.0.40219.1
Project("{F2A71F9B-5D33-465A-A702-920D77279786}") = "homework_6", "homework_6\homework_6.fsproj", "{BA15F768-24D4-423B-BF50-39BD78238F8F}"
EndProject
Project("{F2A71F9B-5D33-465A-A702-920D77279786}") = "homework_6.Tests", "homework_6.Tests\homework_6.Tests.fsproj", "{A2C3A0C1-5A7E-4DF1-AA2B-205D06741AA0}"
EndProject
Global
	GlobalSection(SolutionConfigurationPlatforms) = preSolution
		Debug|Any CPU = Debug|Any CPU
		Release|Any CPU = Release|Any CPU
	EndGlobalSection
	GlobalSection(ProjectConfigurationPlatforms) = postSolution
		{BA15F768-24D4-423B-BF50-39BD78238F8F}.Debug|Any CPU.ActiveCfg = Debug|Any CPU
		{BA15F768-24D4-423B-BF50-39BD78238F8F}.Debug|Any CPU.Build.0 = Debug|Any CPU
		{BA15F768-24D4-423B-BF50-39BD78238F8F}.Release|Any CPU.ActiveCfg = Release|Any CPU
		{BA15F768-24D4-423B-BF50-39BD78238F8F}.Release|Any CPU.Build.0 = Release|Any CPU
		{A2C3A0C1-5A7E-4DF1-AA2B-205D06741AA0}.Debug|Any CPU.ActiveCfg = Debug|Any CPU
		{A2C3A0C1-5A7E-4DF1-AA2B-205D06741AA0}.Debug|Any CPU.Build.0 = Debug|Any CPU
		{A2C3A0C1-5A7E-4DF1-AA2B-205D06741AA0}.Release|Any CPU.ActiveCfg = Release|Any CPU
		{A2C3A0C1-5A7E-4DF1-AA2B-205D06741AA0}.Release|Any CPU.Build.0 = Release|Any CPU
	EndGlobalSection
	GlobalSection(SolutionProperties) = preSolution
		HideSolutionNode = FALSE
	EndGlobalSection
	GlobalSection(ExtensibilityGlobals) = postSolution
		SolutionGuid = {4C5BA680-F70F-4CD3-A145-86969C44EA20}
	EndGlobalSection
EndGlobal
