
Microsoft Visual Studio Solution File, Format Version 12.00
# Visual Studio 15
VisualStudioVersion = 15.0.28010.2016
MinimumVisualStudioVersion = 10.0.40219.1
Project("{F2A71F9B-5D33-465A-A702-920D77279786}") = "Task_3", "Task_3\Task_3.fsproj", "{72AFF4B2-173E-4FE1-966C-D458141175BA}"
EndProject
Project("{F2A71F9B-5D33-465A-A702-920D77279786}") = "Task_3.Tests", "Task_3.Tests\Task_3.Tests.fsproj", "{BA023981-00E6-4AF1-81AB-7DCFCCA18ACF}"
EndProject
Global
	GlobalSection(SolutionConfigurationPlatforms) = preSolution
		Debug|Any CPU = Debug|Any CPU
		Release|Any CPU = Release|Any CPU
	EndGlobalSection
	GlobalSection(ProjectConfigurationPlatforms) = postSolution
		{72AFF4B2-173E-4FE1-966C-D458141175BA}.Debug|Any CPU.ActiveCfg = Debug|Any CPU
		{72AFF4B2-173E-4FE1-966C-D458141175BA}.Debug|Any CPU.Build.0 = Debug|Any CPU
		{72AFF4B2-173E-4FE1-966C-D458141175BA}.Release|Any CPU.ActiveCfg = Release|Any CPU
		{72AFF4B2-173E-4FE1-966C-D458141175BA}.Release|Any CPU.Build.0 = Release|Any CPU
		{BA023981-00E6-4AF1-81AB-7DCFCCA18ACF}.Debug|Any CPU.ActiveCfg = Debug|Any CPU
		{BA023981-00E6-4AF1-81AB-7DCFCCA18ACF}.Debug|Any CPU.Build.0 = Debug|Any CPU
		{BA023981-00E6-4AF1-81AB-7DCFCCA18ACF}.Release|Any CPU.ActiveCfg = Release|Any CPU
		{BA023981-00E6-4AF1-81AB-7DCFCCA18ACF}.Release|Any CPU.Build.0 = Release|Any CPU
	EndGlobalSection
	GlobalSection(SolutionProperties) = preSolution
		HideSolutionNode = FALSE
	EndGlobalSection
	GlobalSection(ExtensibilityGlobals) = postSolution
		SolutionGuid = {8DE0E817-A8D9-4E7A-8047-018E487F0309}
	EndGlobalSection
EndGlobal
